
Microsoft Visual Studio Solution File, Format Version 12.00
# Visual Studio 15
VisualStudioVersion = 15.0.28307.779
MinimumVisualStudioVersion = 10.0.40219.1
Project("{FAE04EC0-301F-11D3-BF4B-00C04F79EFBC}") = "MPItemTracker", "MPItemTracker\MPItemTracker.csproj", "{A00898C0-2A28-4B94-AB42-79E600174DF8}"
EndProject
Global
	GlobalSection(SolutionConfigurationPlatforms) = preSolution
		Debug|Any CPU = Debug|Any CPU
		Release|Any CPU = Release|Any CPU
	EndGlobalSection
	GlobalSection(ProjectConfigurationPlatforms) = postSolution
		{A00898C0-2A28-4B94-AB42-79E600174DF8}.Debug|Any CPU.ActiveCfg = Debug|Any CPU
		{A00898C0-2A28-4B94-AB42-79E600174DF8}.Debug|Any CPU.Build.0 = Debug|Any CPU
		{A00898C0-2A28-4B94-AB42-79E600174DF8}.Release|Any CPU.ActiveCfg = Release|Any CPU
		{A00898C0-2A28-4B94-AB42-79E600174DF8}.Release|Any CPU.Build.0 = Release|Any CPU
	EndGlobalSection
	GlobalSection(SolutionProperties) = preSolution
		HideSolutionNode = FALSE
	EndGlobalSection
	GlobalSection(ExtensibilityGlobals) = postSolution
		SolutionGuid = {4F7AE492-F926-40D3-8998-46D42C2CC531}
	EndGlobalSection
EndGlobal
